
Microsoft Visual Studio Solution File, Format Version 12.00
# Visual Studio Version 17
VisualStudioVersion = 17.7.34031.279
MinimumVisualStudioVersion = 10.0.40219.1
Project("{FAE04EC0-301F-11D3-BF4B-00C04F79EFBC}") = "Feedback.Site", "Feedback.Site\Feedback.Site.csproj", "{0E59B698-30FC-444C-A02C-3846BF71342E}"
EndProject
Project("{FAE04EC0-301F-11D3-BF4B-00C04F79EFBC}") = "Feedback.Api", "Feedback.Api\Feedback.Api.csproj", "{E66ADECD-777F-448B-89CC-A89D3AC4777A}"
EndProject
Project("{FAE04EC0-301F-11D3-BF4B-00C04F79EFBC}") = "Feedback.Shared", "Feedback.Shared\Feedback.Shared.csproj", "{3F12058F-B75A-4680-A479-81A067CF80FC}"
EndProject
Global
	GlobalSection(SolutionConfigurationPlatforms) = preSolution
		Debug|Any CPU = Debug|Any CPU
		Release|Any CPU = Release|Any CPU
	EndGlobalSection
	GlobalSection(ProjectConfigurationPlatforms) = postSolution
		{0E59B698-30FC-444C-A02C-3846BF71342E}.Debug|Any CPU.ActiveCfg = Debug|Any CPU
		{0E59B698-30FC-444C-A02C-3846BF71342E}.Debug|Any CPU.Build.0 = Debug|Any CPU
		{0E59B698-30FC-444C-A02C-3846BF71342E}.Release|Any CPU.ActiveCfg = Release|Any CPU
		{0E59B698-30FC-444C-A02C-3846BF71342E}.Release|Any CPU.Build.0 = Release|Any CPU
		{E66ADECD-777F-448B-89CC-A89D3AC4777A}.Debug|Any CPU.ActiveCfg = Debug|Any CPU
		{E66ADECD-777F-448B-89CC-A89D3AC4777A}.Debug|Any CPU.Build.0 = Debug|Any CPU
		{E66ADECD-777F-448B-89CC-A89D3AC4777A}.Release|Any CPU.ActiveCfg = Release|Any CPU
		{E66ADECD-777F-448B-89CC-A89D3AC4777A}.Release|Any CPU.Build.0 = Release|Any CPU
		{3F12058F-B75A-4680-A479-81A067CF80FC}.Debug|Any CPU.ActiveCfg = Debug|Any CPU
		{3F12058F-B75A-4680-A479-81A067CF80FC}.Debug|Any CPU.Build.0 = Debug|Any CPU
		{3F12058F-B75A-4680-A479-81A067CF80FC}.Release|Any CPU.ActiveCfg = Release|Any CPU
		{3F12058F-B75A-4680-A479-81A067CF80FC}.Release|Any CPU.Build.0 = Release|Any CPU
	EndGlobalSection
	GlobalSection(SolutionProperties) = preSolution
		HideSolutionNode = FALSE
	EndGlobalSection
	GlobalSection(ExtensibilityGlobals) = postSolution
		SolutionGuid = {9E61F6E2-8559-4DC3-9C03-C18A56C97723}
	EndGlobalSection
EndGlobal
